// !$*UTF8*$!
{
	archiveVersion = 1;
	classes = {
	};
	objectVersion = 46;
	objects = {

/* Begin PBXBuildFile section */
		81AD619DEDB4B41F9CBF1744 /* libPods-NEWS.a in Frameworks */ = {isa = PBXBuildFile; fileRef = A34FF80E56859C43FD509F24 /* libPods-NEWS.a */; };
		B5095BE61F6B6EB7002169D2 /* NEWSTabBar.m in Sources */ = {isa = PBXBuildFile; fileRef = B5095BE51F6B6EB7002169D2 /* NEWSTabBar.m */; };
		B5095BEA1F6BB1AC002169D2 /* NEWSMicroVideoCell.m in Sources */ = {isa = PBXBuildFile; fileRef = B5095BE91F6BB1AC002169D2 /* NEWSMicroVideoCell.m */; };
		B5095BEE1F6BBA6F002169D2 /* NEWSVideoCell.m in Sources */ = {isa = PBXBuildFile; fileRef = B5095BED1F6BBA6F002169D2 /* NEWSVideoCell.m */; };
		B5095BF11F6BCFC6002169D2 /* NEWSAddView.m in Sources */ = {isa = PBXBuildFile; fileRef = B5095BF01F6BCFC6002169D2 /* NEWSAddView.m */; };
		B5193D031F7365AE00B871A5 /* NEWSWaterMelonListData.m in Sources */ = {isa = PBXBuildFile; fileRef = B5193D021F7365AE00B871A5 /* NEWSWaterMelonListData.m */; };
		B5193D0C1F739A3800B871A5 /* NEWSVideoViewController+NEWSNetWork.m in Sources */ = {isa = PBXBuildFile; fileRef = B5193D091F739A3800B871A5 /* NEWSVideoViewController+NEWSNetWork.m */; };
		B5193D0D1F739A3800B871A5 /* NEWSVideoViewController.m in Sources */ = {isa = PBXBuildFile; fileRef = B5193D0B1F739A3800B871A5 /* NEWSVideoViewController.m */; };
		B51FA4ED1F6910BC00A49E37 /* NEWSScrollTool.m in Sources */ = {isa = PBXBuildFile; fileRef = B51FA4EC1F6910BC00A49E37 /* NEWSScrollTool.m */; };
		B53EE9AA1F78F702000D0F79 /* NEWSCategoryModel.m in Sources */ = {isa = PBXBuildFile; fileRef = B53EE9A91F78F702000D0F79 /* NEWSCategoryModel.m */; };
		B56747361F6789C5008BC8B2 /* NEWSTabBarController.m in Sources */ = {isa = PBXBuildFile; fileRef = B56747351F6789C5008BC8B2 /* NEWSTabBarController.m */; };
		B567473D1F67B6D0008BC8B2 /* NEWSMeViewController.m in Sources */ = {isa = PBXBuildFile; fileRef = B567473C1F67B6D0008BC8B2 /* NEWSMeViewController.m */; };
		B56747401F67B6E5008BC8B2 /* NEWSMicroViewController.m in Sources */ = {isa = PBXBuildFile; fileRef = B567473F1F67B6E5008BC8B2 /* NEWSMicroViewController.m */; };
		B56747461F67B704008BC8B2 /* NEWSHomeViewController.m in Sources */ = {isa = PBXBuildFile; fileRef = B56747451F67B704008BC8B2 /* NEWSHomeViewController.m */; };
		B57B15EB1F725A690005D8B4 /* NEWSHttpManager.m in Sources */ = {isa = PBXBuildFile; fileRef = B57B15EA1F725A690005D8B4 /* NEWSHttpManager.m */; };
		B59123E61F6278DC004EFFE8 /* main.m in Sources */ = {isa = PBXBuildFile; fileRef = B59123E51F6278DC004EFFE8 /* main.m */; };
		B59123E91F6278DC004EFFE8 /* AppDelegate.m in Sources */ = {isa = PBXBuildFile; fileRef = B59123E81F6278DC004EFFE8 /* AppDelegate.m */; };
		B59123EF1F6278DC004EFFE8 /* Main.storyboard in Resources */ = {isa = PBXBuildFile; fileRef = B59123ED1F6278DC004EFFE8 /* Main.storyboard */; };
		B59123F11F6278DC004EFFE8 /* Assets.xcassets in Resources */ = {isa = PBXBuildFile; fileRef = B59123F01F6278DC004EFFE8 /* Assets.xcassets */; };
		B59123F41F6278DC004EFFE8 /* LaunchScreen.storyboard in Resources */ = {isa = PBXBuildFile; fileRef = B59123F21F6278DC004EFFE8 /* LaunchScreen.storyboard */; };
		B59123FF1F6278DD004EFFE8 /* NEWSTests.m in Sources */ = {isa = PBXBuildFile; fileRef = B59123FE1F6278DD004EFFE8 /* NEWSTests.m */; };
		B591240A1F6278DD004EFFE8 /* NEWSUITests.m in Sources */ = {isa = PBXBuildFile; fileRef = B59124091F6278DD004EFFE8 /* NEWSUITests.m */; };
/* End PBXBuildFile section */

/* Begin PBXContainerItemProxy section */
		B59123FB1F6278DD004EFFE8 /* PBXContainerItemProxy */ = {
			isa = PBXContainerItemProxy;
			containerPortal = B59123D91F6278DC004EFFE8 /* Project object */;
			proxyType = 1;
			remoteGlobalIDString = B59123E01F6278DC004EFFE8;
			remoteInfo = NEWS;
		};
		B59124061F6278DD004EFFE8 /* PBXContainerItemProxy */ = {
			isa = PBXContainerItemProxy;
			containerPortal = B59123D91F6278DC004EFFE8 /* Project object */;
			proxyType = 1;
			remoteGlobalIDString = B59123E01F6278DC004EFFE8;
			remoteInfo = NEWS;
		};
/* End PBXContainerItemProxy section */

/* Begin PBXFileReference section */
		5D4EA99E3EE86CB13BFD356A /* Pods-NEWS.debug.xcconfig */ = {isa = PBXFileReference; includeInIndex = 1; lastKnownFileType = text.xcconfig; name = "Pods-NEWS.debug.xcconfig"; path = "Pods/Target Support Files/Pods-NEWS/Pods-NEWS.debug.xcconfig"; sourceTree = "<group>"; };
		A34FF80E56859C43FD509F24 /* libPods-NEWS.a */ = {isa = PBXFileReference; explicitFileType = archive.ar; includeInIndex = 0; path = "libPods-NEWS.a"; sourceTree = BUILT_PRODUCTS_DIR; };
		B5095BE41F6B6EB7002169D2 /* NEWSTabBar.h */ = {isa = PBXFileReference; fileEncoding = 4; lastKnownFileType = sourcecode.c.h; path = NEWSTabBar.h; sourceTree = "<group>"; };
		B5095BE51F6B6EB7002169D2 /* NEWSTabBar.m */ = {isa = PBXFileReference; fileEncoding = 4; lastKnownFileType = sourcecode.c.objc; path = NEWSTabBar.m; sourceTree = "<group>"; };
		B5095BE81F6BB1AC002169D2 /* NEWSMicroVideoCell.h */ = {isa = PBXFileReference; fileEncoding = 4; lastKnownFileType = sourcecode.c.h; path = NEWSMicroVideoCell.h; sourceTree = "<group>"; };
		B5095BE91F6BB1AC002169D2 /* NEWSMicroVideoCell.m */ = {isa = PBXFileReference; fileEncoding = 4; lastKnownFileType = sourcecode.c.objc; path = NEWSMicroVideoCell.m; sourceTree = "<group>"; };
		B5095BEC1F6BBA6F002169D2 /* NEWSVideoCell.h */ = {isa = PBXFileReference; fileEncoding = 4; lastKnownFileType = sourcecode.c.h; path = NEWSVideoCell.h; sourceTree = "<group>"; };
		B5095BED1F6BBA6F002169D2 /* NEWSVideoCell.m */ = {isa = PBXFileReference; fileEncoding = 4; lastKnownFileType = sourcecode.c.objc; path = NEWSVideoCell.m; sourceTree = "<group>"; };
		B5095BEF1F6BCFC6002169D2 /* NEWSAddView.h */ = {isa = PBXFileReference; fileEncoding = 4; lastKnownFileType = sourcecode.c.h; path = NEWSAddView.h; sourceTree = "<group>"; };
		B5095BF01F6BCFC6002169D2 /* NEWSAddView.m */ = {isa = PBXFileReference; fileEncoding = 4; lastKnownFileType = sourcecode.c.objc; path = NEWSAddView.m; sourceTree = "<group>"; };
		B5193D011F7365AE00B871A5 /* NEWSWaterMelonListData.h */ = {isa = PBXFileReference; fileEncoding = 4; lastKnownFileType = sourcecode.c.h; path = NEWSWaterMelonListData.h; sourceTree = "<group>"; };
		B5193D021F7365AE00B871A5 /* NEWSWaterMelonListData.m */ = {isa = PBXFileReference; fileEncoding = 4; lastKnownFileType = sourcecode.c.objc; path = NEWSWaterMelonListData.m; sourceTree = "<group>"; };
		B5193D081F739A3800B871A5 /* NEWSVideoViewController+NEWSNetWork.h */ = {isa = PBXFileReference; fileEncoding = 4; lastKnownFileType = sourcecode.c.h; path = "NEWSVideoViewController+NEWSNetWork.h"; sourceTree = "<group>"; };
		B5193D091F739A3800B871A5 /* NEWSVideoViewController+NEWSNetWork.m */ = {isa = PBXFileReference; fileEncoding = 4; lastKnownFileType = sourcecode.c.objc; path = "NEWSVideoViewController+NEWSNetWork.m"; sourceTree = "<group>"; };
		B5193D0A1F739A3800B871A5 /* NEWSVideoViewController.h */ = {isa = PBXFileReference; fileEncoding = 4; lastKnownFileType = sourcecode.c.h; path = NEWSVideoViewController.h; sourceTree = "<group>"; };
		B5193D0B1F739A3800B871A5 /* NEWSVideoViewController.m */ = {isa = PBXFileReference; fileEncoding = 4; lastKnownFileType = sourcecode.c.objc; path = NEWSVideoViewController.m; sourceTree = "<group>"; };
		B51FA4EB1F6910BC00A49E37 /* NEWSScrollTool.h */ = {isa = PBXFileReference; fileEncoding = 4; lastKnownFileType = sourcecode.c.h; path = NEWSScrollTool.h; sourceTree = "<group>"; };
		B51FA4EC1F6910BC00A49E37 /* NEWSScrollTool.m */ = {isa = PBXFileReference; fileEncoding = 4; lastKnownFileType = sourcecode.c.objc; path = NEWSScrollTool.m; sourceTree = "<group>"; };
		B52267A61F6A22DF00702E97 /* NEWS-PrefixHeader.pch */ = {isa = PBXFileReference; lastKnownFileType = sourcecode.c.h; path = "NEWS-PrefixHeader.pch"; sourceTree = "<group>"; };
		B52267A71F6A2D7F00702E97 /* NEWSDefines.h */ = {isa = PBXFileReference; lastKnownFileType = sourcecode.c.h; path = NEWSDefines.h; sourceTree = "<group>"; };
		B53EE9A81F78F702000D0F79 /* NEWSCategoryModel.h */ = {isa = PBXFileReference; lastKnownFileType = sourcecode.c.h; path = NEWSCategoryModel.h; sourceTree = "<group>"; };
		B53EE9A91F78F702000D0F79 /* NEWSCategoryModel.m */ = {isa = PBXFileReference; lastKnownFileType = sourcecode.c.objc; path = NEWSCategoryModel.m; sourceTree = "<group>"; };
		B56747341F6789C5008BC8B2 /* NEWSTabBarController.h */ = {isa = PBXFileReference; fileEncoding = 4; lastKnownFileType = sourcecode.c.h; path = NEWSTabBarController.h; sourceTree = "<group>"; };
		B56747351F6789C5008BC8B2 /* NEWSTabBarController.m */ = {isa = PBXFileReference; fileEncoding = 4; lastKnownFileType = sourcecode.c.objc; path = NEWSTabBarController.m; sourceTree = "<group>"; };
		B567473B1F67B6D0008BC8B2 /* NEWSMeViewController.h */ = {isa = PBXFileReference; fileEncoding = 4; lastKnownFileType = sourcecode.c.h; path = NEWSMeViewController.h; sourceTree = "<group>"; };
		B567473C1F67B6D0008BC8B2 /* NEWSMeViewController.m */ = {isa = PBXFileReference; fileEncoding = 4; lastKnownFileType = sourcecode.c.objc; path = NEWSMeViewController.m; sourceTree = "<group>"; };
		B567473E1F67B6E5008BC8B2 /* NEWSMicroViewController.h */ = {isa = PBXFileReference; fileEncoding = 4; lastKnownFileType = sourcecode.c.h; path = NEWSMicroViewController.h; sourceTree = "<group>"; };
		B567473F1F67B6E5008BC8B2 /* NEWSMicroViewController.m */ = {isa = PBXFileReference; fileEncoding = 4; lastKnownFileType = sourcecode.c.objc; path = NEWSMicroViewController.m; sourceTree = "<group>"; };
		B56747441F67B704008BC8B2 /* NEWSHomeViewController.h */ = {isa = PBXFileReference; fileEncoding = 4; lastKnownFileType = sourcecode.c.h; path = NEWSHomeViewController.h; sourceTree = "<group>"; };
		B56747451F67B704008BC8B2 /* NEWSHomeViewController.m */ = {isa = PBXFileReference; fileEncoding = 4; lastKnownFileType = sourcecode.c.objc; path = NEWSHomeViewController.m; sourceTree = "<group>"; };
		B57B15E91F725A690005D8B4 /* NEWSHttpManager.h */ = {isa = PBXFileReference; fileEncoding = 4; lastKnownFileType = sourcecode.c.h; path = NEWSHttpManager.h; sourceTree = "<group>"; };
		B57B15EA1F725A690005D8B4 /* NEWSHttpManager.m */ = {isa = PBXFileReference; fileEncoding = 4; lastKnownFileType = sourcecode.c.objc; path = NEWSHttpManager.m; sourceTree = "<group>"; };
		B57B15EC1F725AB50005D8B4 /* NEWSHttpLinks.h */ = {isa = PBXFileReference; lastKnownFileType = sourcecode.c.h; path = NEWSHttpLinks.h; sourceTree = "<group>"; };
		B59123E11F6278DC004EFFE8 /* 仿-今日头条.app */ = {isa = PBXFileReference; explicitFileType = wrapper.application; includeInIndex = 0; path = "仿-今日头条.app"; sourceTree = BUILT_PRODUCTS_DIR; };
		B59123E51F6278DC004EFFE8 /* main.m */ = {isa = PBXFileReference; lastKnownFileType = sourcecode.c.objc; path = main.m; sourceTree = "<group>"; };
		B59123E71F6278DC004EFFE8 /* AppDelegate.h */ = {isa = PBXFileReference; lastKnownFileType = sourcecode.c.h; path = AppDelegate.h; sourceTree = "<group>"; };
		B59123E81F6278DC004EFFE8 /* AppDelegate.m */ = {isa = PBXFileReference; lastKnownFileType = sourcecode.c.objc; path = AppDelegate.m; sourceTree = "<group>"; };
		B59123EE1F6278DC004EFFE8 /* Base */ = {isa = PBXFileReference; lastKnownFileType = file.storyboard; name = Base; path = Base.lproj/Main.storyboard; sourceTree = "<group>"; };
		B59123F01F6278DC004EFFE8 /* Assets.xcassets */ = {isa = PBXFileReference; lastKnownFileType = folder.assetcatalog; path = Assets.xcassets; sourceTree = "<group>"; };
		B59123F31F6278DC004EFFE8 /* Base */ = {isa = PBXFileReference; lastKnownFileType = file.storyboard; name = Base; path = Base.lproj/LaunchScreen.storyboard; sourceTree = "<group>"; };
		B59123F51F6278DC004EFFE8 /* Info.plist */ = {isa = PBXFileReference; lastKnownFileType = text.plist.xml; path = Info.plist; sourceTree = "<group>"; };
		B59123FA1F6278DD004EFFE8 /* NEWSTests.xctest */ = {isa = PBXFileReference; explicitFileType = wrapper.cfbundle; includeInIndex = 0; path = NEWSTests.xctest; sourceTree = BUILT_PRODUCTS_DIR; };
		B59123FE1F6278DD004EFFE8 /* NEWSTests.m */ = {isa = PBXFileReference; lastKnownFileType = sourcecode.c.objc; path = NEWSTests.m; sourceTree = "<group>"; };
		B59124001F6278DD004EFFE8 /* Info.plist */ = {isa = PBXFileReference; lastKnownFileType = text.plist.xml; path = Info.plist; sourceTree = "<group>"; };
		B59124051F6278DD004EFFE8 /* NEWSUITests.xctest */ = {isa = PBXFileReference; explicitFileType = wrapper.cfbundle; includeInIndex = 0; path = NEWSUITests.xctest; sourceTree = BUILT_PRODUCTS_DIR; };
		B59124091F6278DD004EFFE8 /* NEWSUITests.m */ = {isa = PBXFileReference; lastKnownFileType = sourcecode.c.objc; path = NEWSUITests.m; sourceTree = "<group>"; };
		B591240B1F6278DD004EFFE8 /* Info.plist */ = {isa = PBXFileReference; lastKnownFileType = text.plist.xml; path = Info.plist; sourceTree = "<group>"; };
		CEF1D94F74C2714547A4341B /* Pods-NEWS.release.xcconfig */ = {isa = PBXFileReference; includeInIndex = 1; lastKnownFileType = text.xcconfig; name = "Pods-NEWS.release.xcconfig"; path = "Pods/Target Support Files/Pods-NEWS/Pods-NEWS.release.xcconfig"; sourceTree = "<group>"; };
/* End PBXFileReference section */

/* Begin PBXFrameworksBuildPhase section */
		B59123DE1F6278DC004EFFE8 /* Frameworks */ = {
			isa = PBXFrameworksBuildPhase;
			buildActionMask = 2147483647;
			files = (
				81AD619DEDB4B41F9CBF1744 /* libPods-NEWS.a in Frameworks */,
			);
			runOnlyForDeploymentPostprocessing = 0;
		};
		B59123F71F6278DD004EFFE8 /* Frameworks */ = {
			isa = PBXFrameworksBuildPhase;
			buildActionMask = 2147483647;
			files = (
			);
			runOnlyForDeploymentPostprocessing = 0;
		};
		B59124021F6278DD004EFFE8 /* Frameworks */ = {
			isa = PBXFrameworksBuildPhase;
			buildActionMask = 2147483647;
			files = (
			);
			runOnlyForDeploymentPostprocessing = 0;
		};
/* End PBXFrameworksBuildPhase section */

/* Begin PBXGroup section */
		2F47831BD1D1AE7A10CDF5B8 /* Pods */ = {
			isa = PBXGroup;
			children = (
				5D4EA99E3EE86CB13BFD356A /* Pods-NEWS.debug.xcconfig */,
				CEF1D94F74C2714547A4341B /* Pods-NEWS.release.xcconfig */,
			);
			name = Pods;
			sourceTree = "<group>";
		};
		A0D4E03822B3F1E9DB5E67C3 /* Frameworks */ = {
			isa = PBXGroup;
			children = (
				A34FF80E56859C43FD509F24 /* libPods-NEWS.a */,
			);
			name = Frameworks;
			sourceTree = "<group>";
		};
		B5095BE71F6BB184002169D2 /* View */ = {
			isa = PBXGroup;
			children = (
				B5095BE81F6BB1AC002169D2 /* NEWSMicroVideoCell.h */,
				B5095BE91F6BB1AC002169D2 /* NEWSMicroVideoCell.m */,
			);
			path = View;
			sourceTree = "<group>";
		};
		B5095BEB1F6BBA58002169D2 /* View */ = {
			isa = PBXGroup;
			children = (
				B5095BEC1F6BBA6F002169D2 /* NEWSVideoCell.h */,
				B5095BED1F6BBA6F002169D2 /* NEWSVideoCell.m */,
			);
			path = View;
			sourceTree = "<group>";
		};
		B5193D001F73657E00B871A5 /* Model */ = {
			isa = PBXGroup;
			children = (
				B5193D011F7365AE00B871A5 /* NEWSWaterMelonListData.h */,
				B5193D021F7365AE00B871A5 /* NEWSWaterMelonListData.m */,
				B53EE9A81F78F702000D0F79 /* NEWSCategoryModel.h */,
				B53EE9A91F78F702000D0F79 /* NEWSCategoryModel.m */,
			);
			path = Model;
			sourceTree = "<group>";
		};
		B5193D071F739A3700B871A5 /* Controller */ = {
			isa = PBXGroup;
			children = (
				B5193D0A1F739A3800B871A5 /* NEWSVideoViewController.h */,
				B5193D0B1F739A3800B871A5 /* NEWSVideoViewController.m */,
				B5193D081F739A3800B871A5 /* NEWSVideoViewController+NEWSNetWork.h */,
				B5193D091F739A3800B871A5 /* NEWSVideoViewController+NEWSNetWork.m */,
			);
			path = Controller;
			sourceTree = "<group>";
		};
		B51FA4EA1F69109A00A49E37 /* View */ = {
			isa = PBXGroup;
			children = (
				B51FA4EB1F6910BC00A49E37 /* NEWSScrollTool.h */,
				B51FA4EC1F6910BC00A49E37 /* NEWSScrollTool.m */,
				B5095BE41F6B6EB7002169D2 /* NEWSTabBar.h */,
				B5095BE51F6B6EB7002169D2 /* NEWSTabBar.m */,
				B5095BEF1F6BCFC6002169D2 /* NEWSAddView.h */,
				B5095BF01F6BCFC6002169D2 /* NEWSAddView.m */,
			);
			path = View;
			sourceTree = "<group>";
		};
		B56747331F678994008BC8B2 /* Common */ = {
			isa = PBXGroup;
			children = (
				B51FA4EA1F69109A00A49E37 /* View */,
				B57B15EC1F725AB50005D8B4 /* NEWSHttpLinks.h */,
				B57B15E91F725A690005D8B4 /* NEWSHttpManager.h */,
				B57B15EA1F725A690005D8B4 /* NEWSHttpManager.m */,
				B56747341F6789C5008BC8B2 /* NEWSTabBarController.h */,
				B56747351F6789C5008BC8B2 /* NEWSTabBarController.m */,
				B52267A71F6A2D7F00702E97 /* NEWSDefines.h */,
			);
			path = Common;
			sourceTree = "<group>";
		};
		B56747371F67B6B0008BC8B2 /* Me */ = {
			isa = PBXGroup;
			children = (
				B567473B1F67B6D0008BC8B2 /* NEWSMeViewController.h */,
				B567473C1F67B6D0008BC8B2 /* NEWSMeViewController.m */,
			);
			path = Me;
			sourceTree = "<group>";
		};
		B56747381F67B6B0008BC8B2 /* Micro */ = {
			isa = PBXGroup;
			children = (
				B5095BE71F6BB184002169D2 /* View */,
				B567473E1F67B6E5008BC8B2 /* NEWSMicroViewController.h */,
				B567473F1F67B6E5008BC8B2 /* NEWSMicroViewController.m */,
			);
			path = Micro;
			sourceTree = "<group>";
		};
		B56747391F67B6B0008BC8B2 /* Video */ = {
			isa = PBXGroup;
			children = (
				B5193D071F739A3700B871A5 /* Controller */,
				B5193D001F73657E00B871A5 /* Model */,
				B5095BEB1F6BBA58002169D2 /* View */,
			);
			path = Video;
			sourceTree = "<group>";
		};
		B567473A1F67B6B0008BC8B2 /* Home */ = {
			isa = PBXGroup;
			children = (
				B56747441F67B704008BC8B2 /* NEWSHomeViewController.h */,
				B56747451F67B704008BC8B2 /* NEWSHomeViewController.m */,
			);
			path = Home;
			sourceTree = "<group>";
		};
		B59123D81F6278DC004EFFE8 = {
			isa = PBXGroup;
			children = (
				B59123E31F6278DC004EFFE8 /* NEWS */,
				B59123FD1F6278DD004EFFE8 /* NEWSTests */,
				B59124081F6278DD004EFFE8 /* NEWSUITests */,
				B59123E21F6278DC004EFFE8 /* Products */,
				2F47831BD1D1AE7A10CDF5B8 /* Pods */,
				A0D4E03822B3F1E9DB5E67C3 /* Frameworks */,
			);
			sourceTree = "<group>";
		};
		B59123E21F6278DC004EFFE8 /* Products */ = {
			isa = PBXGroup;
			children = (
				B59123E11F6278DC004EFFE8 /* 仿-今日头条.app */,
				B59123FA1F6278DD004EFFE8 /* NEWSTests.xctest */,
				B59124051F6278DD004EFFE8 /* NEWSUITests.xctest */,
			);
			name = Products;
			sourceTree = "<group>";
		};
		B59123E31F6278DC004EFFE8 /* NEWS */ = {
			isa = PBXGroup;
			children = (
				B56747331F678994008BC8B2 /* Common */,
				B567473A1F67B6B0008BC8B2 /* Home */,
				B56747391F67B6B0008BC8B2 /* Video */,
				B56747381F67B6B0008BC8B2 /* Micro */,
				B56747371F67B6B0008BC8B2 /* Me */,
				B59123E71F6278DC004EFFE8 /* AppDelegate.h */,
				B59123E81F6278DC004EFFE8 /* AppDelegate.m */,
				B59123ED1F6278DC004EFFE8 /* Main.storyboard */,
				B59123F01F6278DC004EFFE8 /* Assets.xcassets */,
				B59123F21F6278DC004EFFE8 /* LaunchScreen.storyboard */,
				B59123F51F6278DC004EFFE8 /* Info.plist */,
				B59123E41F6278DC004EFFE8 /* Supporting Files */,
			);
			path = NEWS;
			sourceTree = "<group>";
		};
		B59123E41F6278DC004EFFE8 /* Supporting Files */ = {
			isa = PBXGroup;
			children = (
				B59123E51F6278DC004EFFE8 /* main.m */,
				B52267A61F6A22DF00702E97 /* NEWS-PrefixHeader.pch */,
			);
			name = "Supporting Files";
			sourceTree = "<group>";
		};
		B59123FD1F6278DD004EFFE8 /* NEWSTests */ = {
			isa = PBXGroup;
			children = (
				B59123FE1F6278DD004EFFE8 /* NEWSTests.m */,
				B59124001F6278DD004EFFE8 /* Info.plist */,
			);
			path = NEWSTests;
			sourceTree = "<group>";
		};
		B59124081F6278DD004EFFE8 /* NEWSUITests */ = {
			isa = PBXGroup;
			children = (
				B59124091F6278DD004EFFE8 /* NEWSUITests.m */,
				B591240B1F6278DD004EFFE8 /* Info.plist */,
			);
			path = NEWSUITests;
			sourceTree = "<group>";
		};
/* End PBXGroup section */

/* Begin PBXNativeTarget section */
		B59123E01F6278DC004EFFE8 /* NEWS */ = {
			isa = PBXNativeTarget;
			buildConfigurationList = B591240E1F6278DD004EFFE8 /* Build configuration list for PBXNativeTarget "NEWS" */;
			buildPhases = (
				591D55B3E7FD1E01643C7306 /* [CP] Check Pods Manifest.lock */,
				B59123DD1F6278DC004EFFE8 /* Sources */,
				B59123DE1F6278DC004EFFE8 /* Frameworks */,
				B59123DF1F6278DC004EFFE8 /* Resources */,
				7ECA48DE595DDF992F7CE7EC /* [CP] Embed Pods Frameworks */,
				C9DE46B2C32514323F258791 /* [CP] Copy Pods Resources */,
			);
			buildRules = (
			);
			dependencies = (
			);
			name = NEWS;
			productName = NEWS;
			productReference = B59123E11F6278DC004EFFE8 /* 仿-今日头条.app */;
			productType = "com.apple.product-type.application";
		};
		B59123F91F6278DD004EFFE8 /* NEWSTests */ = {
			isa = PBXNativeTarget;
			buildConfigurationList = B59124111F6278DD004EFFE8 /* Build configuration list for PBXNativeTarget "NEWSTests" */;
			buildPhases = (
				B59123F61F6278DD004EFFE8 /* Sources */,
				B59123F71F6278DD004EFFE8 /* Frameworks */,
				B59123F81F6278DD004EFFE8 /* Resources */,
			);
			buildRules = (
			);
			dependencies = (
				B59123FC1F6278DD004EFFE8 /* PBXTargetDependency */,
			);
			name = NEWSTests;
			productName = NEWSTests;
			productReference = B59123FA1F6278DD004EFFE8 /* NEWSTests.xctest */;
			productType = "com.apple.product-type.bundle.unit-test";
		};
		B59124041F6278DD004EFFE8 /* NEWSUITests */ = {
			isa = PBXNativeTarget;
			buildConfigurationList = B59124141F6278DD004EFFE8 /* Build configuration list for PBXNativeTarget "NEWSUITests" */;
			buildPhases = (
				B59124011F6278DD004EFFE8 /* Sources */,
				B59124021F6278DD004EFFE8 /* Frameworks */,
				B59124031F6278DD004EFFE8 /* Resources */,
			);
			buildRules = (
			);
			dependencies = (
				B59124071F6278DD004EFFE8 /* PBXTargetDependency */,
			);
			name = NEWSUITests;
			productName = NEWSUITests;
			productReference = B59124051F6278DD004EFFE8 /* NEWSUITests.xctest */;
			productType = "com.apple.product-type.bundle.ui-testing";
		};
/* End PBXNativeTarget section */

/* Begin PBXProject section */
		B59123D91F6278DC004EFFE8 /* Project object */ = {
			isa = PBXProject;
			attributes = {
				CLASSPREFIX = NEWS;
				LastUpgradeCheck = 0830;
				ORGANIZATIONNAME = hanyutong;
				TargetAttributes = {
					B59123E01F6278DC004EFFE8 = {
						CreatedOnToolsVersion = 8.3.3;
						DevelopmentTeam = 3RNRBZPDHP;
						ProvisioningStyle = Automatic;
					};
					B59123F91F6278DD004EFFE8 = {
						CreatedOnToolsVersion = 8.3.3;
						DevelopmentTeam = 924VA47ZK6;
						ProvisioningStyle = Automatic;
						TestTargetID = B59123E01F6278DC004EFFE8;
					};
					B59124041F6278DD004EFFE8 = {
						CreatedOnToolsVersion = 8.3.3;
						DevelopmentTeam = 924VA47ZK6;
						ProvisioningStyle = Automatic;
						TestTargetID = B59123E01F6278DC004EFFE8;
					};
				};
			};
			buildConfigurationList = B59123DC1F6278DC004EFFE8 /* Build configuration list for PBXProject "NEWS" */;
			compatibilityVersion = "Xcode 3.2";
			developmentRegion = English;
			hasScannedForEncodings = 0;
			knownRegions = (
				en,
				Base,
			);
			mainGroup = B59123D81F6278DC004EFFE8;
			productRefGroup = B59123E21F6278DC004EFFE8 /* Products */;
			projectDirPath = "";
			projectRoot = "";
			targets = (
				B59123E01F6278DC004EFFE8 /* NEWS */,
				B59123F91F6278DD004EFFE8 /* NEWSTests */,
				B59124041F6278DD004EFFE8 /* NEWSUITests */,
			);
		};
/* End PBXProject section */

/* Begin PBXResourcesBuildPhase section */
		B59123DF1F6278DC004EFFE8 /* Resources */ = {
			isa = PBXResourcesBuildPhase;
			buildActionMask = 2147483647;
			files = (
				B59123F41F6278DC004EFFE8 /* LaunchScreen.storyboard in Resources */,
				B59123F11F6278DC004EFFE8 /* Assets.xcassets in Resources */,
				B59123EF1F6278DC004EFFE8 /* Main.storyboard in Resources */,
			);
			runOnlyForDeploymentPostprocessing = 0;
		};
		B59123F81F6278DD004EFFE8 /* Resources */ = {
			isa = PBXResourcesBuildPhase;
			buildActionMask = 2147483647;
			files = (
			);
			runOnlyForDeploymentPostprocessing = 0;
		};
		B59124031F6278DD004EFFE8 /* Resources */ = {
			isa = PBXResourcesBuildPhase;
			buildActionMask = 2147483647;
			files = (
			);
			runOnlyForDeploymentPostprocessing = 0;
		};
/* End PBXResourcesBuildPhase section */

/* Begin PBXShellScriptBuildPhase section */
		591D55B3E7FD1E01643C7306 /* [CP] Check Pods Manifest.lock */ = {
			isa = PBXShellScriptBuildPhase;
			buildActionMask = 2147483647;
			files = (
			);
			inputPaths = (
			);
			name = "[CP] Check Pods Manifest.lock";
			outputPaths = (
			);
			runOnlyForDeploymentPostprocessing = 0;
			shellPath = /bin/sh;
			shellScript = "diff \"${PODS_ROOT}/../Podfile.lock\" \"${PODS_ROOT}/Manifest.lock\" > /dev/null\nif [ $? != 0 ] ; then\n    # print error to STDERR\n    echo \"error: The sandbox is not in sync with the Podfile.lock. Run 'pod install' or update your CocoaPods installation.\" >&2\n    exit 1\nfi\n";
			showEnvVarsInLog = 0;
		};
		7ECA48DE595DDF992F7CE7EC /* [CP] Embed Pods Frameworks */ = {
			isa = PBXShellScriptBuildPhase;
			buildActionMask = 2147483647;
			files = (
			);
			inputPaths = (
			);
			name = "[CP] Embed Pods Frameworks";
			outputPaths = (
			);
			runOnlyForDeploymentPostprocessing = 0;
			shellPath = /bin/sh;
			shellScript = "\"${SRCROOT}/Pods/Target Support Files/Pods-NEWS/Pods-NEWS-frameworks.sh\"\n";
			showEnvVarsInLog = 0;
		};
		C9DE46B2C32514323F258791 /* [CP] Copy Pods Resources */ = {
			isa = PBXShellScriptBuildPhase;
			buildActionMask = 2147483647;
			files = (
			);
			inputPaths = (
			);
			name = "[CP] Copy Pods Resources";
			outputPaths = (
			);
			runOnlyForDeploymentPostprocessing = 0;
			shellPath = /bin/sh;
			shellScript = "\"${SRCROOT}/Pods/Target Support Files/Pods-NEWS/Pods-NEWS-resources.sh\"\n";
			showEnvVarsInLog = 0;
		};
/* End PBXShellScriptBuildPhase section */

/* Begin PBXSourcesBuildPhase section */
		B59123DD1F6278DC004EFFE8 /* Sources */ = {
			isa = PBXSourcesBuildPhase;
			buildActionMask = 2147483647;
			files = (
				B59123E91F6278DC004EFFE8 /* AppDelegate.m in Sources */,
				B5193D0C1F739A3800B871A5 /* NEWSVideoViewController+NEWSNetWork.m in Sources */,
				B5095BF11F6BCFC6002169D2 /* NEWSAddView.m in Sources */,
				B56747361F6789C5008BC8B2 /* NEWSTabBarController.m in Sources */,
				B56747461F67B704008BC8B2 /* NEWSHomeViewController.m in Sources */,
				B56747401F67B6E5008BC8B2 /* NEWSMicroViewController.m in Sources */,
				B57B15EB1F725A690005D8B4 /* NEWSHttpManager.m in Sources */,
				B5095BEE1F6BBA6F002169D2 /* NEWSVideoCell.m in Sources */,
				B59123E61F6278DC004EFFE8 /* main.m in Sources */,
				B5193D031F7365AE00B871A5 /* NEWSWaterMelonListData.m in Sources */,
				B53EE9AA1F78F702000D0F79 /* NEWSCategoryModel.m in Sources */,
				B51FA4ED1F6910BC00A49E37 /* NEWSScrollTool.m in Sources */,
				B5095BE61F6B6EB7002169D2 /* NEWSTabBar.m in Sources */,
				B567473D1F67B6D0008BC8B2 /* NEWSMeViewController.m in Sources */,
				B5095BEA1F6BB1AC002169D2 /* NEWSMicroVideoCell.m in Sources */,
				B5193D0D1F739A3800B871A5 /* NEWSVideoViewController.m in Sources */,
			);
			runOnlyForDeploymentPostprocessing = 0;
		};
		B59123F61F6278DD004EFFE8 /* Sources */ = {
			isa = PBXSourcesBuildPhase;
			buildActionMask = 2147483647;
			files = (
				B59123FF1F6278DD004EFFE8 /* NEWSTests.m in Sources */,
			);
			runOnlyForDeploymentPostprocessing = 0;
		};
		B59124011F6278DD004EFFE8 /* Sources */ = {
			isa = PBXSourcesBuildPhase;
			buildActionMask = 2147483647;
			files = (
				B591240A1F6278DD004EFFE8 /* NEWSUITests.m in Sources */,
			);
			runOnlyForDeploymentPostprocessing = 0;
		};
/* End PBXSourcesBuildPhase section */

/* Begin PBXTargetDependency section */
		B59123FC1F6278DD004EFFE8 /* PBXTargetDependency */ = {
			isa = PBXTargetDependency;
			target = B59123E01F6278DC004EFFE8 /* NEWS */;
			targetProxy = B59123FB1F6278DD004EFFE8 /* PBXContainerItemProxy */;
		};
		B59124071F6278DD004EFFE8 /* PBXTargetDependency */ = {
			isa = PBXTargetDependency;
			target = B59123E01F6278DC004EFFE8 /* NEWS */;
			targetProxy = B59124061F6278DD004EFFE8 /* PBXContainerItemProxy */;
		};
/* End PBXTargetDependency section */

/* Begin PBXVariantGroup section */
		B59123ED1F6278DC004EFFE8 /* Main.storyboard */ = {
			isa = PBXVariantGroup;
			children = (
				B59123EE1F6278DC004EFFE8 /* Base */,
			);
			name = Main.storyboard;
			sourceTree = "<group>";
		};
		B59123F21F6278DC004EFFE8 /* LaunchScreen.storyboard */ = {
			isa = PBXVariantGroup;
			children = (
				B59123F31F6278DC004EFFE8 /* Base */,
			);
			name = LaunchScreen.storyboard;
			sourceTree = "<group>";
		};
/* End PBXVariantGroup section */

/* Begin XCBuildConfiguration section */
		B591240C1F6278DD004EFFE8 /* Debug */ = {
			isa = XCBuildConfiguration;
			buildSettings = {
				ALWAYS_SEARCH_USER_PATHS = NO;
				CLANG_ANALYZER_NONNULL = YES;
				CLANG_ANALYZER_NUMBER_OBJECT_CONVERSION = YES_AGGRESSIVE;
				CLANG_CXX_LANGUAGE_STANDARD = "gnu++0x";
				CLANG_CXX_LIBRARY = "libc++";
				CLANG_ENABLE_MODULES = YES;
				CLANG_ENABLE_OBJC_ARC = YES;
				CLANG_WARN_BOOL_CONVERSION = YES;
				CLANG_WARN_CONSTANT_CONVERSION = YES;
				CLANG_WARN_DIRECT_OBJC_ISA_USAGE = YES_ERROR;
				CLANG_WARN_DOCUMENTATION_COMMENTS = YES;
				CLANG_WARN_EMPTY_BODY = YES;
				CLANG_WARN_ENUM_CONVERSION = YES;
				CLANG_WARN_INFINITE_RECURSION = YES;
				CLANG_WARN_INT_CONVERSION = YES;
				CLANG_WARN_OBJC_ROOT_CLASS = YES_ERROR;
				CLANG_WARN_SUSPICIOUS_MOVE = YES;
				CLANG_WARN_UNREACHABLE_CODE = YES;
				CLANG_WARN__DUPLICATE_METHOD_MATCH = YES;
				"CODE_SIGN_IDENTITY[sdk=iphoneos*]" = "iPhone Developer";
				COPY_PHASE_STRIP = NO;
				DEBUG_INFORMATION_FORMAT = dwarf;
				ENABLE_STRICT_OBJC_MSGSEND = YES;
				ENABLE_TESTABILITY = YES;
				GCC_C_LANGUAGE_STANDARD = gnu99;
				GCC_DYNAMIC_NO_PIC = NO;
				GCC_NO_COMMON_BLOCKS = YES;
				GCC_OPTIMIZATION_LEVEL = 0;
				GCC_PREPROCESSOR_DEFINITIONS = (
					"DEBUG=1",
					"$(inherited)",
				);
				GCC_WARN_64_TO_32_BIT_CONVERSION = YES;
				GCC_WARN_ABOUT_RETURN_TYPE = YES_ERROR;
				GCC_WARN_UNDECLARED_SELECTOR = YES;
				GCC_WARN_UNINITIALIZED_AUTOS = YES_AGGRESSIVE;
				GCC_WARN_UNUSED_FUNCTION = YES;
				GCC_WARN_UNUSED_VARIABLE = YES;
				IPHONEOS_DEPLOYMENT_TARGET = 10.3;
				MTL_ENABLE_DEBUG_INFO = YES;
				ONLY_ACTIVE_ARCH = YES;
				SDKROOT = iphoneos;
				TARGETED_DEVICE_FAMILY = "1,2";
			};
			name = Debug;
		};
		B591240D1F6278DD004EFFE8 /* Release */ = {
			isa = XCBuildConfiguration;
			buildSettings = {
				ALWAYS_SEARCH_USER_PATHS = NO;
				CLANG_ANALYZER_NONNULL = YES;
				CLANG_ANALYZER_NUMBER_OBJECT_CONVERSION = YES_AGGRESSIVE;
				CLANG_CXX_LANGUAGE_STANDARD = "gnu++0x";
				CLANG_CXX_LIBRARY = "libc++";
				CLANG_ENABLE_MODULES = YES;
				CLANG_ENABLE_OBJC_ARC = YES;
				CLANG_WARN_BOOL_CONVERSION = YES;
				CLANG_WARN_CONSTANT_CONVERSION = YES;
				CLANG_WARN_DIRECT_OBJC_ISA_USAGE = YES_ERROR;
				CLANG_WARN_DOCUMENTATION_COMMENTS = YES;
				CLANG_WARN_EMPTY_BODY = YES;
				CLANG_WARN_ENUM_CONVERSION = YES;
				CLANG_WARN_INFINITE_RECURSION = YES;
				CLANG_WARN_INT_CONVERSION = YES;
				CLANG_WARN_OBJC_ROOT_CLASS = YES_ERROR;
				CLANG_WARN_SUSPICIOUS_MOVE = YES;
				CLANG_WARN_UNREACHABLE_CODE = YES;
				CLANG_WARN__DUPLICATE_METHOD_MATCH = YES;
				"CODE_SIGN_IDENTITY[sdk=iphoneos*]" = "iPhone Developer";
				COPY_PHASE_STRIP = NO;
				DEBUG_INFORMATION_FORMAT = "dwarf-with-dsym";
				ENABLE_NS_ASSERTIONS = NO;
				ENABLE_STRICT_OBJC_MSGSEND = YES;
				GCC_C_LANGUAGE_STANDARD = gnu99;
				GCC_NO_COMMON_BLOCKS = YES;
				GCC_WARN_64_TO_32_BIT_CONVERSION = YES;
				GCC_WARN_ABOUT_RETURN_TYPE = YES_ERROR;
				GCC_WARN_UNDECLARED_SELECTOR = YES;
				GCC_WARN_UNINITIALIZED_AUTOS = YES_AGGRESSIVE;
				GCC_WARN_UNUSED_FUNCTION = YES;
				GCC_WARN_UNUSED_VARIABLE = YES;
				IPHONEOS_DEPLOYMENT_TARGET = 10.3;
				MTL_ENABLE_DEBUG_INFO = NO;
				SDKROOT = iphoneos;
				TARGETED_DEVICE_FAMILY = "1,2";
				VALIDATE_PRODUCT = YES;
			};
			name = Release;
		};
		B591240F1F6278DD004EFFE8 /* Debug */ = {
			isa = XCBuildConfiguration;
			baseConfigurationReference = 5D4EA99E3EE86CB13BFD356A /* Pods-NEWS.debug.xcconfig */;
			buildSettings = {
				ASSETCATALOG_COMPILER_APPICON_NAME = AppIcon;
				ASSETCATALOG_COMPILER_LAUNCHIMAGE_NAME = LaunchImage;
				DEVELOPMENT_TEAM = 3RNRBZPDHP;
				GCC_PREFIX_HEADER = "NEWS/NEWS-PrefixHeader.pch";
				INFOPLIST_FILE = NEWS/Info.plist;
				LD_RUNPATH_SEARCH_PATHS = "$(inherited) @executable_path/Frameworks";
				PRODUCT_BUNDLE_IDENTIFIER = com.xztz.xxx.NEWS;
				PRODUCT_NAME = "仿-今日头条";
			};
			name = Debug;
		};
		B59124101F6278DD004EFFE8 /* Release */ = {
			isa = XCBuildConfiguration;
			baseConfigurationReference = CEF1D94F74C2714547A4341B /* Pods-NEWS.release.xcconfig */;
			buildSettings = {
				ASSETCATALOG_COMPILER_APPICON_NAME = AppIcon;
				ASSETCATALOG_COMPILER_LAUNCHIMAGE_NAME = LaunchImage;
				DEVELOPMENT_TEAM = 3RNRBZPDHP;
				GCC_PREFIX_HEADER = "NEWS/NEWS-PrefixHeader.pch";
				INFOPLIST_FILE = NEWS/Info.plist;
				LD_RUNPATH_SEARCH_PATHS = "$(inherited) @executable_path/Frameworks";
				PRODUCT_BUNDLE_IDENTIFIER = com.xztz.xxx.NEWS;
				PRODUCT_NAME = "仿-今日头条";
			};
			name = Release;
		};
		B59124121F6278DD004EFFE8 /* Debug */ = {
			isa = XCBuildConfiguration;
			buildSettings = {
				BUNDLE_LOADER = "$(TEST_HOST)";
				DEVELOPMENT_TEAM = 924VA47ZK6;
				INFOPLIST_FILE = NEWSTests/Info.plist;
				LD_RUNPATH_SEARCH_PATHS = "$(inherited) @executable_path/Frameworks @loader_path/Frameworks";
				PRODUCT_BUNDLE_IDENTIFIER = com.xztz.xxx.NEWSTests;
				PRODUCT_NAME = "$(TARGET_NAME)";
				TEST_HOST = "$(BUILT_PRODUCTS_DIR)/NEWS.app/NEWS";
			};
			name = Debug;
		};
		B59124131F6278DD004EFFE8 /* Release */ = {
			isa = XCBuildConfiguration;
			buildSettings = {
				BUNDLE_LOADER = "$(TEST_HOST)";
				DEVELOPMENT_TEAM = 924VA47ZK6;
				INFOPLIST_FILE = NEWSTests/Info.plist;
				LD_RUNPATH_SEARCH_PATHS = "$(inherited) @executable_path/Frameworks @loader_path/Frameworks";
				PRODUCT_BUNDLE_IDENTIFIER = com.xztz.xxx.NEWSTests;
				PRODUCT_NAME = "$(TARGET_NAME)";
				TEST_HOST = "$(BUILT_PRODUCTS_DIR)/NEWS.app/NEWS";
			};
			name = Release;
		};
		B59124151F6278DD004EFFE8 /* Debug */ = {
			isa = XCBuildConfiguration;
			buildSettings = {
				DEVELOPMENT_TEAM = 924VA47ZK6;
				INFOPLIST_FILE = NEWSUITests/Info.plist;
				LD_RUNPATH_SEARCH_PATHS = "$(inherited) @executable_path/Frameworks @loader_path/Frameworks";
				PRODUCT_BUNDLE_IDENTIFIER = com.xztz.xxx.NEWSUITests;
				PRODUCT_NAME = "$(TARGET_NAME)";
				TEST_TARGET_NAME = NEWS;
			};
			name = Debug;
		};
		B59124161F6278DD004EFFE8 /* Release */ = {
			isa = XCBuildConfiguration;
			buildSettings = {
				DEVELOPMENT_TEAM = 924VA47ZK6;
				INFOPLIST_FILE = NEWSUITests/Info.plist;
				LD_RUNPATH_SEARCH_PATHS = "$(inherited) @executable_path/Frameworks @loader_path/Frameworks";
				PRODUCT_BUNDLE_IDENTIFIER = com.xztz.xxx.NEWSUITests;
				PRODUCT_NAME = "$(TARGET_NAME)";
				TEST_TARGET_NAME = NEWS;
			};
			name = Release;
		};
/* End XCBuildConfiguration section */

/* Begin XCConfigurationList section */
		B59123DC1F6278DC004EFFE8 /* Build configuration list for PBXProject "NEWS" */ = {
			isa = XCConfigurationList;
			buildConfigurations = (
				B591240C1F6278DD004EFFE8 /* Debug */,
				B591240D1F6278DD004EFFE8 /* Release */,
			);
			defaultConfigurationIsVisible = 0;
			defaultConfigurationName = Release;
		};
		B591240E1F6278DD004EFFE8 /* Build configuration list for PBXNativeTarget "NEWS" */ = {
			isa = XCConfigurationList;
			buildConfigurations = (
				B591240F1F6278DD004EFFE8 /* Debug */,
				B59124101F6278DD004EFFE8 /* Release */,
			);
			defaultConfigurationIsVisible = 0;
			defaultConfigurationName = Release;
		};
		B59124111F6278DD004EFFE8 /* Build configuration list for PBXNativeTarget "NEWSTests" */ = {
			isa = XCConfigurationList;
			buildConfigurations = (
				B59124121F6278DD004EFFE8 /* Debug */,
				B59124131F6278DD004EFFE8 /* Release */,
			);
			defaultConfigurationIsVisible = 0;
			defaultConfigurationName = Release;
		};
		B59124141F6278DD004EFFE8 /* Build configuration list for PBXNativeTarget "NEWSUITests" */ = {
			isa = XCConfigurationList;
			buildConfigurations = (
				B59124151F6278DD004EFFE8 /* Debug */,
				B59124161F6278DD004EFFE8 /* Release */,
			);
			defaultConfigurationIsVisible = 0;
			defaultConfigurationName = Release;
		};
/* End XCConfigurationList section */
	};
	rootObject = B59123D91F6278DC004EFFE8 /* Project object */;
}
